
Microsoft Visual Studio Solution File, Format Version 12.00
# Visual Studio Version 16
VisualStudioVersion = 16.0.29509.3
MinimumVisualStudioVersion = 10.0.40219.1
Project("{9A19103F-16F7-4668-BE54-9A1E7A4F7556}") = "RoomResClient", "RoomResClient\RoomResClient.csproj", "{927744F8-4156-448E-9A7A-4369DE66F91A}"
EndProject
Project("{9A19103F-16F7-4668-BE54-9A1E7A4F7556}") = "Server", "Server\Server.csproj", "{FE973FDB-4D92-4FB7-969D-DA9A753A68E5}"
EndProject
Project("{9A19103F-16F7-4668-BE54-9A1E7A4F7556}") = "Shared", "Shared\Shared.csproj", "{6270A501-AC1D-425F-A04A-23A85398C2F8}"
EndProject
Project("{2150E333-8FDC-42A3-9474-1A3956D46DE8}") = "Solution Items", "Solution Items", "{733C8CF6-039D-4665-B4D9-1CFCB1FC35B9}"
	ProjectSection(SolutionItems) = preProject
		README.md = README.md
		TODO.txt = TODO.txt
	EndProjectSection
EndProject
Project("{9A19103F-16F7-4668-BE54-9A1E7A4F7556}") = "DAL", "DAL\DAL.csproj", "{5F18B7EE-81B4-4E1A-A401-709C4630CB00}"
EndProject
Project("{FAE04EC0-301F-11D3-BF4B-00C04F79EFBC}") = "Testing", "Testing\Testing.csproj", "{288D8377-B7A4-4A45-97A9-5CBFADCD89FA}"
EndProject
Project("{9A19103F-16F7-4668-BE54-9A1E7A4F7556}") = "DbFiller", "DbFiller\DbFiller.csproj", "{66E8DA63-2260-45B1-8415-5B32B04CEBFC}"
EndProject
Global
	GlobalSection(SolutionConfigurationPlatforms) = preSolution
		Debug|Any CPU = Debug|Any CPU
		Release|Any CPU = Release|Any CPU
	EndGlobalSection
	GlobalSection(ProjectConfigurationPlatforms) = postSolution
		{927744F8-4156-448E-9A7A-4369DE66F91A}.Debug|Any CPU.ActiveCfg = Debug|Any CPU
		{927744F8-4156-448E-9A7A-4369DE66F91A}.Debug|Any CPU.Build.0 = Debug|Any CPU
		{927744F8-4156-448E-9A7A-4369DE66F91A}.Release|Any CPU.ActiveCfg = Release|Any CPU
		{927744F8-4156-448E-9A7A-4369DE66F91A}.Release|Any CPU.Build.0 = Release|Any CPU
		{FE973FDB-4D92-4FB7-969D-DA9A753A68E5}.Debug|Any CPU.ActiveCfg = Debug|Any CPU
		{FE973FDB-4D92-4FB7-969D-DA9A753A68E5}.Debug|Any CPU.Build.0 = Debug|Any CPU
		{FE973FDB-4D92-4FB7-969D-DA9A753A68E5}.Release|Any CPU.ActiveCfg = Release|Any CPU
		{FE973FDB-4D92-4FB7-969D-DA9A753A68E5}.Release|Any CPU.Build.0 = Release|Any CPU
		{6270A501-AC1D-425F-A04A-23A85398C2F8}.Debug|Any CPU.ActiveCfg = Debug|Any CPU
		{6270A501-AC1D-425F-A04A-23A85398C2F8}.Debug|Any CPU.Build.0 = Debug|Any CPU
		{6270A501-AC1D-425F-A04A-23A85398C2F8}.Release|Any CPU.ActiveCfg = Release|Any CPU
		{6270A501-AC1D-425F-A04A-23A85398C2F8}.Release|Any CPU.Build.0 = Release|Any CPU
		{5F18B7EE-81B4-4E1A-A401-709C4630CB00}.Debug|Any CPU.ActiveCfg = Debug|Any CPU
		{5F18B7EE-81B4-4E1A-A401-709C4630CB00}.Debug|Any CPU.Build.0 = Debug|Any CPU
		{5F18B7EE-81B4-4E1A-A401-709C4630CB00}.Release|Any CPU.ActiveCfg = Release|Any CPU
		{5F18B7EE-81B4-4E1A-A401-709C4630CB00}.Release|Any CPU.Build.0 = Release|Any CPU
		{288D8377-B7A4-4A45-97A9-5CBFADCD89FA}.Debug|Any CPU.ActiveCfg = Debug|Any CPU
		{288D8377-B7A4-4A45-97A9-5CBFADCD89FA}.Debug|Any CPU.Build.0 = Debug|Any CPU
		{288D8377-B7A4-4A45-97A9-5CBFADCD89FA}.Release|Any CPU.ActiveCfg = Release|Any CPU
		{288D8377-B7A4-4A45-97A9-5CBFADCD89FA}.Release|Any CPU.Build.0 = Release|Any CPU
		{66E8DA63-2260-45B1-8415-5B32B04CEBFC}.Debug|Any CPU.ActiveCfg = Debug|Any CPU
		{66E8DA63-2260-45B1-8415-5B32B04CEBFC}.Debug|Any CPU.Build.0 = Debug|Any CPU
		{66E8DA63-2260-45B1-8415-5B32B04CEBFC}.Release|Any CPU.ActiveCfg = Release|Any CPU
		{66E8DA63-2260-45B1-8415-5B32B04CEBFC}.Release|Any CPU.Build.0 = Release|Any CPU
	EndGlobalSection
	GlobalSection(SolutionProperties) = preSolution
		HideSolutionNode = FALSE
	EndGlobalSection
	GlobalSection(ExtensibilityGlobals) = postSolution
		SolutionGuid = {739AE1FF-4C1C-48D9-B9B7-ABA061D035FE}
	EndGlobalSection
EndGlobal
